
Microsoft Visual Studio Solution File, Format Version 12.00
# Visual Studio 15
VisualStudioVersion = 15.0.28307.757
MinimumVisualStudioVersion = 10.0.40219.1
Project("{FAE04EC0-301F-11D3-BF4B-00C04F79EFBC}") = "PictureSort", "WindowsFormsApp2\PictureSort.csproj", "{3070BC42-7C98-4B27-87ED-51EF6D92297E}"
EndProject
Global
	GlobalSection(SolutionConfigurationPlatforms) = preSolution
		Debug|Any CPU = Debug|Any CPU
		Release|Any CPU = Release|Any CPU
	EndGlobalSection
	GlobalSection(ProjectConfigurationPlatforms) = postSolution
		{3070BC42-7C98-4B27-87ED-51EF6D92297E}.Debug|Any CPU.ActiveCfg = Debug|Any CPU
		{3070BC42-7C98-4B27-87ED-51EF6D92297E}.Debug|Any CPU.Build.0 = Debug|Any CPU
		{3070BC42-7C98-4B27-87ED-51EF6D92297E}.Release|Any CPU.ActiveCfg = Release|Any CPU
		{3070BC42-7C98-4B27-87ED-51EF6D92297E}.Release|Any CPU.Build.0 = Release|Any CPU
	EndGlobalSection
	GlobalSection(SolutionProperties) = preSolution
		HideSolutionNode = FALSE
	EndGlobalSection
	GlobalSection(ExtensibilityGlobals) = postSolution
		SolutionGuid = {9C00ADBE-55FD-45A6-ADC4-9D62FDBCB8C3}
	EndGlobalSection
EndGlobal
